
Microsoft Visual Studio Solution File, Format Version 12.00
# Visual Studio 15
VisualStudioVersion = 15.0.27703.2035
MinimumVisualStudioVersion = 10.0.40219.1
Project("{FAE04EC0-301F-11D3-BF4B-00C04F79EFBC}") = "WDHTracker.Android", "WDHTracker\WDHTracker.Android\WDHTracker.Android.csproj", "{42C60B29-9F87-45F5-B917-E3FF47F6B58B}"
EndProject
Project("{FAE04EC0-301F-11D3-BF4B-00C04F79EFBC}") = "WDHTracker.iOS", "WDHTracker\WDHTracker.iOS\WDHTracker.iOS.csproj", "{B03C0922-FBAC-405B-8817-706CCF844EB6}"
EndProject
Project("{9A19103F-16F7-4668-BE54-9A1E7A4F7556}") = "WDHTracker", "WDHTracker\WDHTracker\WDHTracker.csproj", "{3C6229DD-CDFE-43C2-8DA5-92C85AFFE819}"
EndProject
Global
	GlobalSection(SolutionConfigurationPlatforms) = preSolution
		Ad-Hoc|Any CPU = Ad-Hoc|Any CPU
		Ad-Hoc|iPhone = Ad-Hoc|iPhone
		Ad-Hoc|iPhoneSimulator = Ad-Hoc|iPhoneSimulator
		Ad-Hoc|x86 = Ad-Hoc|x86
		AppStore|Any CPU = AppStore|Any CPU
		AppStore|iPhone = AppStore|iPhone
		AppStore|iPhoneSimulator = AppStore|iPhoneSimulator
		AppStore|x86 = AppStore|x86
		Debug|Any CPU = Debug|Any CPU
		Debug|iPhone = Debug|iPhone
		Debug|iPhoneSimulator = Debug|iPhoneSimulator
		Debug|x86 = Debug|x86
		Release|Any CPU = Release|Any CPU
		Release|iPhone = Release|iPhone
		Release|iPhoneSimulator = Release|iPhoneSimulator
		Release|x86 = Release|x86
	EndGlobalSection
	GlobalSection(ProjectConfigurationPlatforms) = postSolution
		{42C60B29-9F87-45F5-B917-E3FF47F6B58B}.Ad-Hoc|Any CPU.ActiveCfg = Release|Any CPU
		{42C60B29-9F87-45F5-B917-E3FF47F6B58B}.Ad-Hoc|Any CPU.Build.0 = Release|Any CPU
		{42C60B29-9F87-45F5-B917-E3FF47F6B58B}.Ad-Hoc|Any CPU.Deploy.0 = Release|Any CPU
		{42C60B29-9F87-45F5-B917-E3FF47F6B58B}.Ad-Hoc|iPhone.ActiveCfg = Release|Any CPU
		{42C60B29-9F87-45F5-B917-E3FF47F6B58B}.Ad-Hoc|iPhone.Build.0 = Release|Any CPU
		{42C60B29-9F87-45F5-B917-E3FF47F6B58B}.Ad-Hoc|iPhone.Deploy.0 = Release|Any CPU
		{42C60B29-9F87-45F5-B917-E3FF47F6B58B}.Ad-Hoc|iPhoneSimulator.ActiveCfg = Release|Any CPU
		{42C60B29-9F87-45F5-B917-E3FF47F6B58B}.Ad-Hoc|iPhoneSimulator.Build.0 = Release|Any CPU
		{42C60B29-9F87-45F5-B917-E3FF47F6B58B}.Ad-Hoc|iPhoneSimulator.Deploy.0 = Release|Any CPU
		{42C60B29-9F87-45F5-B917-E3FF47F6B58B}.Ad-Hoc|x86.ActiveCfg = Release|x86
		{42C60B29-9F87-45F5-B917-E3FF47F6B58B}.Ad-Hoc|x86.Build.0 = Release|x86
		{42C60B29-9F87-45F5-B917-E3FF47F6B58B}.Ad-Hoc|x86.Deploy.0 = Release|x86
		{42C60B29-9F87-45F5-B917-E3FF47F6B58B}.AppStore|Any CPU.ActiveCfg = Release|Any CPU
		{42C60B29-9F87-45F5-B917-E3FF47F6B58B}.AppStore|Any CPU.Build.0 = Release|Any CPU
		{42C60B29-9F87-45F5-B917-E3FF47F6B58B}.AppStore|Any CPU.Deploy.0 = Release|Any CPU
		{42C60B29-9F87-45F5-B917-E3FF47F6B58B}.AppStore|iPhone.ActiveCfg = Release|Any CPU
		{42C60B29-9F87-45F5-B917-E3FF47F6B58B}.AppStore|iPhone.Build.0 = Release|Any CPU
		{42C60B29-9F87-45F5-B917-E3FF47F6B58B}.AppStore|iPhone.Deploy.0 = Release|Any CPU
		{42C60B29-9F87-45F5-B917-E3FF47F6B58B}.AppStore|iPhoneSimulator.ActiveCfg = Release|Any CPU
		{42C60B29-9F87-45F5-B917-E3FF47F6B58B}.AppStore|iPhoneSimulator.Build.0 = Release|Any CPU
		{42C60B29-9F87-45F5-B917-E3FF47F6B58B}.AppStore|iPhoneSimulator.Deploy.0 = Release|Any CPU
		{42C60B29-9F87-45F5-B917-E3FF47F6B58B}.AppStore|x86.ActiveCfg = Release|x86
		{42C60B29-9F87-45F5-B917-E3FF47F6B58B}.AppStore|x86.Build.0 = Release|x86
		{42C60B29-9F87-45F5-B917-E3FF47F6B58B}.AppStore|x86.Deploy.0 = Release|x86
		{42C60B29-9F87-45F5-B917-E3FF47F6B58B}.Debug|Any CPU.ActiveCfg = Release|Any CPU
		{42C60B29-9F87-45F5-B917-E3FF47F6B58B}.Debug|Any CPU.Build.0 = Release|Any CPU
		{42C60B29-9F87-45F5-B917-E3FF47F6B58B}.Debug|Any CPU.Deploy.0 = Release|Any CPU
		{42C60B29-9F87-45F5-B917-E3FF47F6B58B}.Debug|iPhone.ActiveCfg = Debug|Any CPU
		{42C60B29-9F87-45F5-B917-E3FF47F6B58B}.Debug|iPhone.Build.0 = Debug|Any CPU
		{42C60B29-9F87-45F5-B917-E3FF47F6B58B}.Debug|iPhone.Deploy.0 = Debug|Any CPU
		{42C60B29-9F87-45F5-B917-E3FF47F6B58B}.Debug|iPhoneSimulator.ActiveCfg = Debug|Any CPU
		{42C60B29-9F87-45F5-B917-E3FF47F6B58B}.Debug|iPhoneSimulator.Build.0 = Debug|Any CPU
		{42C60B29-9F87-45F5-B917-E3FF47F6B58B}.Debug|iPhoneSimulator.Deploy.0 = Debug|Any CPU
		{42C60B29-9F87-45F5-B917-E3FF47F6B58B}.Debug|x86.ActiveCfg = Debug|x86
		{42C60B29-9F87-45F5-B917-E3FF47F6B58B}.Debug|x86.Build.0 = Debug|x86
		{42C60B29-9F87-45F5-B917-E3FF47F6B58B}.Debug|x86.Deploy.0 = Debug|x86
		{42C60B29-9F87-45F5-B917-E3FF47F6B58B}.Release|Any CPU.ActiveCfg = Release|Any CPU
		{42C60B29-9F87-45F5-B917-E3FF47F6B58B}.Release|Any CPU.Build.0 = Release|Any CPU
		{42C60B29-9F87-45F5-B917-E3FF47F6B58B}.Release|Any CPU.Deploy.0 = Release|Any CPU
		{42C60B29-9F87-45F5-B917-E3FF47F6B58B}.Release|iPhone.ActiveCfg = Release|Any CPU
		{42C60B29-9F87-45F5-B917-E3FF47F6B58B}.Release|iPhone.Build.0 = Release|Any CPU
		{42C60B29-9F87-45F5-B917-E3FF47F6B58B}.Release|iPhone.Deploy.0 = Release|Any CPU
		{42C60B29-9F87-45F5-B917-E3FF47F6B58B}.Release|iPhoneSimulator.ActiveCfg = Release|Any CPU
		{42C60B29-9F87-45F5-B917-E3FF47F6B58B}.Release|iPhoneSimulator.Build.0 = Release|Any CPU
		{42C60B29-9F87-45F5-B917-E3FF47F6B58B}.Release|iPhoneSimulator.Deploy.0 = Release|Any CPU
		{42C60B29-9F87-45F5-B917-E3FF47F6B58B}.Release|x86.ActiveCfg = Release|x86
		{42C60B29-9F87-45F5-B917-E3FF47F6B58B}.Release|x86.Build.0 = Release|x86
		{42C60B29-9F87-45F5-B917-E3FF47F6B58B}.Release|x86.Deploy.0 = Release|x86
		{B03C0922-FBAC-405B-8817-706CCF844EB6}.Ad-Hoc|Any CPU.ActiveCfg = Ad-Hoc|iPhone
		{B03C0922-FBAC-405B-8817-706CCF844EB6}.Ad-Hoc|Any CPU.Build.0 = Ad-Hoc|iPhone
		{B03C0922-FBAC-405B-8817-706CCF844EB6}.Ad-Hoc|Any CPU.Deploy.0 = Ad-Hoc|iPhone
		{B03C0922-FBAC-405B-8817-706CCF844EB6}.Ad-Hoc|iPhone.ActiveCfg = Ad-Hoc|iPhone
		{B03C0922-FBAC-405B-8817-706CCF844EB6}.Ad-Hoc|iPhone.Build.0 = Ad-Hoc|iPhone
		{B03C0922-FBAC-405B-8817-706CCF844EB6}.Ad-Hoc|iPhone.Deploy.0 = Ad-Hoc|iPhone
		{B03C0922-FBAC-405B-8817-706CCF844EB6}.Ad-Hoc|iPhoneSimulator.ActiveCfg = Ad-Hoc|iPhoneSimulator
		{B03C0922-FBAC-405B-8817-706CCF844EB6}.Ad-Hoc|iPhoneSimulator.Build.0 = Ad-Hoc|iPhoneSimulator
		{B03C0922-FBAC-405B-8817-706CCF844EB6}.Ad-Hoc|iPhoneSimulator.Deploy.0 = Ad-Hoc|iPhoneSimulator
		{B03C0922-FBAC-405B-8817-706CCF844EB6}.Ad-Hoc|x86.ActiveCfg = Ad-Hoc|iPhoneSimulator
		{B03C0922-FBAC-405B-8817-706CCF844EB6}.AppStore|Any CPU.ActiveCfg = AppStore|iPhone
		{B03C0922-FBAC-405B-8817-706CCF844EB6}.AppStore|Any CPU.Build.0 = AppStore|iPhone
		{B03C0922-FBAC-405B-8817-706CCF844EB6}.AppStore|Any CPU.Deploy.0 = AppStore|iPhone
		{B03C0922-FBAC-405B-8817-706CCF844EB6}.AppStore|iPhone.ActiveCfg = AppStore|iPhone
		{B03C0922-FBAC-405B-8817-706CCF844EB6}.AppStore|iPhone.Build.0 = AppStore|iPhone
		{B03C0922-FBAC-405B-8817-706CCF844EB6}.AppStore|iPhone.Deploy.0 = AppStore|iPhone
		{B03C0922-FBAC-405B-8817-706CCF844EB6}.AppStore|iPhoneSimulator.ActiveCfg = AppStore|iPhoneSimulator
		{B03C0922-FBAC-405B-8817-706CCF844EB6}.AppStore|iPhoneSimulator.Build.0 = AppStore|iPhoneSimulator
		{B03C0922-FBAC-405B-8817-706CCF844EB6}.AppStore|iPhoneSimulator.Deploy.0 = AppStore|iPhoneSimulator
		{B03C0922-FBAC-405B-8817-706CCF844EB6}.AppStore|x86.ActiveCfg = AppStore|iPhoneSimulator
		{B03C0922-FBAC-405B-8817-706CCF844EB6}.Debug|Any CPU.ActiveCfg = Debug|iPhoneSimulator
		{B03C0922-FBAC-405B-8817-706CCF844EB6}.Debug|Any CPU.Build.0 = Debug|iPhoneSimulator
		{B03C0922-FBAC-405B-8817-706CCF844EB6}.Debug|Any CPU.Deploy.0 = Debug|iPhoneSimulator
		{B03C0922-FBAC-405B-8817-706CCF844EB6}.Debug|iPhone.ActiveCfg = Debug|iPhone
		{B03C0922-FBAC-405B-8817-706CCF844EB6}.Debug|iPhone.Build.0 = Debug|iPhone
		{B03C0922-FBAC-405B-8817-706CCF844EB6}.Debug|iPhone.Deploy.0 = Debug|iPhone
		{B03C0922-FBAC-405B-8817-706CCF844EB6}.Debug|iPhoneSimulator.ActiveCfg = Debug|iPhoneSimulator
		{B03C0922-FBAC-405B-8817-706CCF844EB6}.Debug|iPhoneSimulator.Build.0 = Debug|iPhoneSimulator
		{B03C0922-FBAC-405B-8817-706CCF844EB6}.Debug|iPhoneSimulator.Deploy.0 = Debug|iPhoneSimulator
		{B03C0922-FBAC-405B-8817-706CCF844EB6}.Debug|x86.ActiveCfg = Debug|iPhone
		{B03C0922-FBAC-405B-8817-706CCF844EB6}.Release|Any CPU.ActiveCfg = Release|iPhone
		{B03C0922-FBAC-405B-8817-706CCF844EB6}.Release|Any CPU.Build.0 = Release|iPhone
		{B03C0922-FBAC-405B-8817-706CCF844EB6}.Release|Any CPU.Deploy.0 = Release|iPhone
		{B03C0922-FBAC-405B-8817-706CCF844EB6}.Release|iPhone.ActiveCfg = Release|iPhone
		{B03C0922-FBAC-405B-8817-706CCF844EB6}.Release|iPhone.Build.0 = Release|iPhone
		{B03C0922-FBAC-405B-8817-706CCF844EB6}.Release|iPhone.Deploy.0 = Release|iPhone
		{B03C0922-FBAC-405B-8817-706CCF844EB6}.Release|iPhoneSimulator.ActiveCfg = Release|iPhoneSimulator
		{B03C0922-FBAC-405B-8817-706CCF844EB6}.Release|iPhoneSimulator.Build.0 = Release|iPhoneSimulator
		{B03C0922-FBAC-405B-8817-706CCF844EB6}.Release|iPhoneSimulator.Deploy.0 = Release|iPhoneSimulator
		{B03C0922-FBAC-405B-8817-706CCF844EB6}.Release|x86.ActiveCfg = Release|iPhoneSimulator
		{3C6229DD-CDFE-43C2-8DA5-92C85AFFE819}.Ad-Hoc|Any CPU.ActiveCfg = Debug|Any CPU
		{3C6229DD-CDFE-43C2-8DA5-92C85AFFE819}.Ad-Hoc|Any CPU.Build.0 = Debug|Any CPU
		{3C6229DD-CDFE-43C2-8DA5-92C85AFFE819}.Ad-Hoc|Any CPU.Deploy.0 = Debug|Any CPU
		{3C6229DD-CDFE-43C2-8DA5-92C85AFFE819}.Ad-Hoc|iPhone.ActiveCfg = Debug|Any CPU
		{3C6229DD-CDFE-43C2-8DA5-92C85AFFE819}.Ad-Hoc|iPhone.Build.0 = Debug|Any CPU
		{3C6229DD-CDFE-43C2-8DA5-92C85AFFE819}.Ad-Hoc|iPhone.Deploy.0 = Debug|Any CPU
		{3C6229DD-CDFE-43C2-8DA5-92C85AFFE819}.Ad-Hoc|iPhoneSimulator.ActiveCfg = Debug|Any CPU
		{3C6229DD-CDFE-43C2-8DA5-92C85AFFE819}.Ad-Hoc|iPhoneSimulator.Build.0 = Debug|Any CPU
		{3C6229DD-CDFE-43C2-8DA5-92C85AFFE819}.Ad-Hoc|iPhoneSimulator.Deploy.0 = Debug|Any CPU
		{3C6229DD-CDFE-43C2-8DA5-92C85AFFE819}.Ad-Hoc|x86.ActiveCfg = Release|Any CPU
		{3C6229DD-CDFE-43C2-8DA5-92C85AFFE819}.Ad-Hoc|x86.Build.0 = Release|Any CPU
		{3C6229DD-CDFE-43C2-8DA5-92C85AFFE819}.AppStore|Any CPU.ActiveCfg = Debug|Any CPU
		{3C6229DD-CDFE-43C2-8DA5-92C85AFFE819}.AppStore|Any CPU.Build.0 = Debug|Any CPU
		{3C6229DD-CDFE-43C2-8DA5-92C85AFFE819}.AppStore|Any CPU.Deploy.0 = Debug|Any CPU
		{3C6229DD-CDFE-43C2-8DA5-92C85AFFE819}.AppStore|iPhone.ActiveCfg = Debug|Any CPU
		{3C6229DD-CDFE-43C2-8DA5-92C85AFFE819}.AppStore|iPhone.Build.0 = Debug|Any CPU
		{3C6229DD-CDFE-43C2-8DA5-92C85AFFE819}.AppStore|iPhone.Deploy.0 = Debug|Any CPU
		{3C6229DD-CDFE-43C2-8DA5-92C85AFFE819}.AppStore|iPhoneSimulator.ActiveCfg = Debug|Any CPU
		{3C6229DD-CDFE-43C2-8DA5-92C85AFFE819}.AppStore|iPhoneSimulator.Build.0 = Debug|Any CPU
		{3C6229DD-CDFE-43C2-8DA5-92C85AFFE819}.AppStore|iPhoneSimulator.Deploy.0 = Debug|Any CPU
		{3C6229DD-CDFE-43C2-8DA5-92C85AFFE819}.AppStore|x86.ActiveCfg = Release|Any CPU
		{3C6229DD-CDFE-43C2-8DA5-92C85AFFE819}.AppStore|x86.Build.0 = Release|Any CPU
		{3C6229DD-CDFE-43C2-8DA5-92C85AFFE819}.Debug|Any CPU.ActiveCfg = Debug|Any CPU
		{3C6229DD-CDFE-43C2-8DA5-92C85AFFE819}.Debug|Any CPU.Build.0 = Debug|Any CPU
		{3C6229DD-CDFE-43C2-8DA5-92C85AFFE819}.Debug|Any CPU.Deploy.0 = Debug|Any CPU
		{3C6229DD-CDFE-43C2-8DA5-92C85AFFE819}.Debug|iPhone.ActiveCfg = Debug|Any CPU
		{3C6229DD-CDFE-43C2-8DA5-92C85AFFE819}.Debug|iPhone.Build.0 = Debug|Any CPU
		{3C6229DD-CDFE-43C2-8DA5-92C85AFFE819}.Debug|iPhone.Deploy.0 = Debug|Any CPU
		{3C6229DD-CDFE-43C2-8DA5-92C85AFFE819}.Debug|iPhoneSimulator.ActiveCfg = Debug|Any CPU
		{3C6229DD-CDFE-43C2-8DA5-92C85AFFE819}.Debug|iPhoneSimulator.Build.0 = Debug|Any CPU
		{3C6229DD-CDFE-43C2-8DA5-92C85AFFE819}.Debug|iPhoneSimulator.Deploy.0 = Debug|Any CPU
		{3C6229DD-CDFE-43C2-8DA5-92C85AFFE819}.Debug|x86.ActiveCfg = Debug|Any CPU
		{3C6229DD-CDFE-43C2-8DA5-92C85AFFE819}.Debug|x86.Build.0 = Debug|Any CPU
		{3C6229DD-CDFE-43C2-8DA5-92C85AFFE819}.Release|Any CPU.ActiveCfg = Release|Any CPU
		{3C6229DD-CDFE-43C2-8DA5-92C85AFFE819}.Release|Any CPU.Build.0 = Release|Any CPU
		{3C6229DD-CDFE-43C2-8DA5-92C85AFFE819}.Release|Any CPU.Deploy.0 = Release|Any CPU
		{3C6229DD-CDFE-43C2-8DA5-92C85AFFE819}.Release|iPhone.ActiveCfg = Release|Any CPU
		{3C6229DD-CDFE-43C2-8DA5-92C85AFFE819}.Release|iPhone.Build.0 = Release|Any CPU
		{3C6229DD-CDFE-43C2-8DA5-92C85AFFE819}.Release|iPhone.Deploy.0 = Release|Any CPU
		{3C6229DD-CDFE-43C2-8DA5-92C85AFFE819}.Release|iPhoneSimulator.ActiveCfg = Release|Any CPU
		{3C6229DD-CDFE-43C2-8DA5-92C85AFFE819}.Release|iPhoneSimulator.Build.0 = Release|Any CPU
		{3C6229DD-CDFE-43C2-8DA5-92C85AFFE819}.Release|iPhoneSimulator.Deploy.0 = Release|Any CPU
		{3C6229DD-CDFE-43C2-8DA5-92C85AFFE819}.Release|x86.ActiveCfg = Release|Any CPU
		{3C6229DD-CDFE-43C2-8DA5-92C85AFFE819}.Release|x86.Build.0 = Release|Any CPU
	EndGlobalSection
	GlobalSection(SolutionProperties) = preSolution
		HideSolutionNode = FALSE
	EndGlobalSection
	GlobalSection(ExtensibilityGlobals) = postSolution
		SolutionGuid = {89FD4C49-94CF-40B0-B659-4CDBAE4E28D7}
	EndGlobalSection
EndGlobal
